
Microsoft Visual Studio Solution File, Format Version 12.00
# Visual Studio Version 16
VisualStudioVersion = 16.0.30907.101
MinimumVisualStudioVersion = 10.0.40219.1
Project("{9A19103F-16F7-4668-BE54-9A1E7A4F7556}") = "Assignment5", "Assignment5.csproj", "{406B3F16-A15B-46BD-B973-7D3772AECAE5}"
EndProject
Global
	GlobalSection(SolutionConfigurationPlatforms) = preSolution
		Debug|Any CPU = Debug|Any CPU
		Release|Any CPU = Release|Any CPU
	EndGlobalSection
	GlobalSection(ProjectConfigurationPlatforms) = postSolution
		{406B3F16-A15B-46BD-B973-7D3772AECAE5}.Debug|Any CPU.ActiveCfg = Debug|Any CPU
		{406B3F16-A15B-46BD-B973-7D3772AECAE5}.Debug|Any CPU.Build.0 = Debug|Any CPU
		{406B3F16-A15B-46BD-B973-7D3772AECAE5}.Release|Any CPU.ActiveCfg = Release|Any CPU
		{406B3F16-A15B-46BD-B973-7D3772AECAE5}.Release|Any CPU.Build.0 = Release|Any CPU
	EndGlobalSection
	GlobalSection(SolutionProperties) = preSolution
		HideSolutionNode = FALSE
	EndGlobalSection
	GlobalSection(ExtensibilityGlobals) = postSolution
		SolutionGuid = {57032668-74FB-40D5-B5B2-AE6D0BE8B6E1}
	EndGlobalSection
EndGlobal
